// !$*UTF8*$!
{
	archiveVersion = 1;
	classes = {
	};
	objectVersion = 50;
	objects = {

/* Begin PBXBuildFile section */
		FE2868D225923F8800F356BF /* AppDelegate.swift in Sources */ = {isa = PBXBuildFile; fileRef = FE2868D125923F8800F356BF /* AppDelegate.swift */; };
		FE2868D425923F8800F356BF /* SceneDelegate.swift in Sources */ = {isa = PBXBuildFile; fileRef = FE2868D325923F8800F356BF /* SceneDelegate.swift */; };
		FE2868D625923F8800F356BF /* ViewController.swift in Sources */ = {isa = PBXBuildFile; fileRef = FE2868D525923F8800F356BF /* ViewController.swift */; };
		FE2868D925923F8800F356BF /* Main.storyboard in Resources */ = {isa = PBXBuildFile; fileRef = FE2868D725923F8800F356BF /* Main.storyboard */; };
		FE2868DB25923F8C00F356BF /* Assets.xcassets in Resources */ = {isa = PBXBuildFile; fileRef = FE2868DA25923F8C00F356BF /* Assets.xcassets */; };
		FE2868DE25923F8C00F356BF /* LaunchScreen.storyboard in Resources */ = {isa = PBXBuildFile; fileRef = FE2868DC25923F8C00F356BF /* LaunchScreen.storyboard */; };
		FE2868E82593742C00F356BF /* RoundedView.swift in Sources */ = {isa = PBXBuildFile; fileRef = FE2868E72593742C00F356BF /* RoundedView.swift */; };
/* End PBXBuildFile section */

/* Begin PBXFileReference section */
		FE2868CE25923F8800F356BF /* Homework 3.1.1 Size Classes.app */ = {isa = PBXFileReference; explicitFileType = wrapper.application; includeInIndex = 0; path = "Homework 3.1.1 Size Classes.app"; sourceTree = BUILT_PRODUCTS_DIR; };
		FE2868D125923F8800F356BF /* AppDelegate.swift */ = {isa = PBXFileReference; lastKnownFileType = sourcecode.swift; path = AppDelegate.swift; sourceTree = "<group>"; };
		FE2868D325923F8800F356BF /* SceneDelegate.swift */ = {isa = PBXFileReference; lastKnownFileType = sourcecode.swift; path = SceneDelegate.swift; sourceTree = "<group>"; };
		FE2868D525923F8800F356BF /* ViewController.swift */ = {isa = PBXFileReference; lastKnownFileType = sourcecode.swift; path = ViewController.swift; sourceTree = "<group>"; };
		FE2868D825923F8800F356BF /* Base */ = {isa = PBXFileReference; lastKnownFileType = file.storyboard; name = Base; path = Base.lproj/Main.storyboard; sourceTree = "<group>"; };
		FE2868DA25923F8C00F356BF /* Assets.xcassets */ = {isa = PBXFileReference; lastKnownFileType = folder.assetcatalog; path = Assets.xcassets; sourceTree = "<group>"; };
		FE2868DD25923F8C00F356BF /* Base */ = {isa = PBXFileReference; lastKnownFileType = file.storyboard; name = Base; path = Base.lproj/LaunchScreen.storyboard; sourceTree = "<group>"; };
		FE2868DF25923F8C00F356BF /* Info.plist */ = {isa = PBXFileReference; lastKnownFileType = text.plist.xml; path = Info.plist; sourceTree = "<group>"; };
		FE2868E72593742C00F356BF /* RoundedView.swift */ = {isa = PBXFileReference; lastKnownFileType = sourcecode.swift; path = RoundedView.swift; sourceTree = "<group>"; };
/* End PBXFileReference section */

/* Begin PBXFrameworksBuildPhase section */
		FE2868CB25923F8800F356BF /* Frameworks */ = {
			isa = PBXFrameworksBuildPhase;
			buildActionMask = 2147483647;
			files = (
			);
			runOnlyForDeploymentPostprocessing = 0;
		};
/* End PBXFrameworksBuildPhase section */

/* Begin PBXGroup section */
		FE2868C525923F8800F356BF = {
			isa = PBXGroup;
			children = (
				FE2868D025923F8800F356BF /* hw3.size classes */,
				FE2868CF25923F8800F356BF /* Products */,
			);
			sourceTree = "<group>";
		};
		FE2868CF25923F8800F356BF /* Products */ = {
			isa = PBXGroup;
			children = (
				FE2868CE25923F8800F356BF /* Homework 3.1.1 Size Classes.app */,
			);
			name = Products;
			sourceTree = "<group>";
		};
		FE2868D025923F8800F356BF /* hw3.size classes */ = {
			isa = PBXGroup;
			children = (
				FE2868D125923F8800F356BF /* AppDelegate.swift */,
				FE2868D325923F8800F356BF /* SceneDelegate.swift */,
				FE2868D525923F8800F356BF /* ViewController.swift */,
				FE2868D725923F8800F356BF /* Main.storyboard */,
				FE2868DA25923F8C00F356BF /* Assets.xcassets */,
				FE2868DC25923F8C00F356BF /* LaunchScreen.storyboard */,
				FE2868DF25923F8C00F356BF /* Info.plist */,
				FE2868E72593742C00F356BF /* RoundedView.swift */,
			);
			path = "hw3.size classes";
			sourceTree = "<group>";
		};
/* End PBXGroup section */

/* Begin PBXNativeTarget section */
		FE2868CD25923F8800F356BF /* Homework 3.1.1 Size Classes */ = {
			isa = PBXNativeTarget;
			buildConfigurationList = FE2868E225923F8C00F356BF /* Build configuration list for PBXNativeTarget "Homework 3.1.1 Size Classes" */;
			buildPhases = (
				FE2868CA25923F8800F356BF /* Sources */,
				FE2868CB25923F8800F356BF /* Frameworks */,
				FE2868CC25923F8800F356BF /* Resources */,
			);
			buildRules = (
			);
			dependencies = (
			);
			name = "Homework 3.1.1 Size Classes";
			productName = "hw3.size classes";
			productReference = FE2868CE25923F8800F356BF /* Homework 3.1.1 Size Classes.app */;
			productType = "com.apple.product-type.application";
		};
/* End PBXNativeTarget section */

/* Begin PBXProject section */
		FE2868C625923F8800F356BF /* Project object */ = {
			isa = PBXProject;
			attributes = {
				LastSwiftUpdateCheck = 1220;
				LastUpgradeCheck = 1220;
				TargetAttributes = {
					FE2868CD25923F8800F356BF = {
						CreatedOnToolsVersion = 12.2;
					};
				};
			};
			buildConfigurationList = FE2868C925923F8800F356BF /* Build configuration list for PBXProject "Homework 3.1.1 Size Classes" */;
			compatibilityVersion = "Xcode 9.3";
			developmentRegion = en;
			hasScannedForEncodings = 0;
			knownRegions = (
				en,
				Base,
			);
			mainGroup = FE2868C525923F8800F356BF;
			productRefGroup = FE2868CF25923F8800F356BF /* Products */;
			projectDirPath = "";
			projectRoot = "";
			targets = (
				FE2868CD25923F8800F356BF /* Homework 3.1.1 Size Classes */,
			);
		};
/* End PBXProject section */

/* Begin PBXResourcesBuildPhase section */
		FE2868CC25923F8800F356BF /* Resources */ = {
			isa = PBXResourcesBuildPhase;
			buildActionMask = 2147483647;
			files = (
				FE2868DE25923F8C00F356BF /* LaunchScreen.storyboard in Resources */,
				FE2868DB25923F8C00F356BF /* Assets.xcassets in Resources */,
				FE2868D925923F8800F356BF /* Main.storyboard in Resources */,
			);
			runOnlyForDeploymentPostprocessing = 0;
		};
/* End PBXResourcesBuildPhase section */

/* Begin PBXSourcesBuildPhase section */
		FE2868CA25923F8800F356BF /* Sources */ = {
			isa = PBXSourcesBuildPhase;
			buildActionMask = 2147483647;
			files = (
				FE2868D625923F8800F356BF /* ViewController.swift in Sources */,
				FE2868D225923F8800F356BF /* AppDelegate.swift in Sources */,
				FE2868E82593742C00F356BF /* RoundedView.swift in Sources */,
				FE2868D425923F8800F356BF /* SceneDelegate.swift in Sources */,
			);
			runOnlyForDeploymentPostprocessing = 0;
		};
/* End PBXSourcesBuildPhase section */

/* Begin PBXVariantGroup section */
		FE2868D725923F8800F356BF /* Main.storyboard */ = {
			isa = PBXVariantGroup;
			children = (
				FE2868D825923F8800F356BF /* Base */,
			);
			name = Main.storyboard;
			sourceTree = "<group>";
		};
		FE2868DC25923F8C00F356BF /* LaunchScreen.storyboard */ = {
			isa = PBXVariantGroup;
			children = (
				FE2868DD25923F8C00F356BF /* Base */,
			);
			name = LaunchScreen.storyboard;
			sourceTree = "<group>";
		};
/* End PBXVariantGroup section */

/* Begin XCBuildConfiguration section */
		FE2868E025923F8C00F356BF /* Debug */ = {
			isa = XCBuildConfiguration;
			buildSettings = {
				ALWAYS_SEARCH_USER_PATHS = NO;
				CLANG_ANALYZER_NONNULL = YES;
				CLANG_ANALYZER_NUMBER_OBJECT_CONVERSION = YES_AGGRESSIVE;
				CLANG_CXX_LANGUAGE_STANDARD = "gnu++14";
				CLANG_CXX_LIBRARY = "libc++";
				CLANG_ENABLE_MODULES = YES;
				CLANG_ENABLE_OBJC_ARC = YES;
				CLANG_ENABLE_OBJC_WEAK = YES;
				CLANG_WARN_BLOCK_CAPTURE_AUTORELEASING = YES;
				CLANG_WARN_BOOL_CONVERSION = YES;
				CLANG_WARN_COMMA = YES;
				CLANG_WARN_CONSTANT_CONVERSION = YES;
				CLANG_WARN_DEPRECATED_OBJC_IMPLEMENTATIONS = YES;
				CLANG_WARN_DIRECT_OBJC_ISA_USAGE = YES_ERROR;
				CLANG_WARN_DOCUMENTATION_COMMENTS = YES;
				CLANG_WARN_EMPTY_BODY = YES;
				CLANG_WARN_ENUM_CONVERSION = YES;
				CLANG_WARN_INFINITE_RECURSION = YES;
				CLANG_WARN_INT_CONVERSION = YES;
				CLANG_WARN_NON_LITERAL_NULL_CONVERSION = YES;
				CLANG_WARN_OBJC_IMPLICIT_RETAIN_SELF = YES;
				CLANG_WARN_OBJC_LITERAL_CONVERSION = YES;
				CLANG_WARN_OBJC_ROOT_CLASS = YES_ERROR;
				CLANG_WARN_QUOTED_INCLUDE_IN_FRAMEWORK_HEADER = YES;
				CLANG_WARN_RANGE_LOOP_ANALYSIS = YES;
				CLANG_WARN_STRICT_PROTOTYPES = YES;
				CLANG_WARN_SUSPICIOUS_MOVE = YES;
				CLANG_WARN_UNGUARDED_AVAILABILITY = YES_AGGRESSIVE;
				CLANG_WARN_UNREACHABLE_CODE = YES;
				CLANG_WARN__DUPLICATE_METHOD_MATCH = YES;
				COPY_PHASE_STRIP = NO;
				DEBUG_INFORMATION_FORMAT = dwarf;
				ENABLE_STRICT_OBJC_MSGSEND = YES;
				ENABLE_TESTABILITY = YES;
				GCC_C_LANGUAGE_STANDARD = gnu11;
				GCC_DYNAMIC_NO_PIC = NO;
				GCC_NO_COMMON_BLOCKS = YES;
				GCC_OPTIMIZATION_LEVEL = 0;
				GCC_PREPROCESSOR_DEFINITIONS = (
					"DEBUG=1",
					"$(inherited)",
				);
				GCC_WARN_64_TO_32_BIT_CONVERSION = YES;
				GCC_WARN_ABOUT_RETURN_TYPE = YES_ERROR;
				GCC_WARN_UNDECLARED_SELECTOR = YES;
				GCC_WARN_UNINITIALIZED_AUTOS = YES_AGGRESSIVE;
				GCC_WARN_UNUSED_FUNCTION = YES;
				GCC_WARN_UNUSED_VARIABLE = YES;
				IPHONEOS_DEPLOYMENT_TARGET = 14.2;
				MTL_ENABLE_DEBUG_INFO = INCLUDE_SOURCE;
				MTL_FAST_MATH = YES;
				ONLY_ACTIVE_ARCH = YES;
				SDKROOT = iphoneos;
				SWIFT_ACTIVE_COMPILATION_CONDITIONS = DEBUG;
				SWIFT_OPTIMIZATION_LEVEL = "-Onone";
			};
			name = Debug;
		};
		FE2868E125923F8C00F356BF /* Release */ = {
			isa = XCBuildConfiguration;
			buildSettings = {
				ALWAYS_SEARCH_USER_PATHS = NO;
				CLANG_ANALYZER_NONNULL = YES;
				CLANG_ANALYZER_NUMBER_OBJECT_CONVERSION = YES_AGGRESSIVE;
				CLANG_CXX_LANGUAGE_STANDARD = "gnu++14";
				CLANG_CXX_LIBRARY = "libc++";
				CLANG_ENABLE_MODULES = YES;
				CLANG_ENABLE_OBJC_ARC = YES;
				CLANG_ENABLE_OBJC_WEAK = YES;
				CLANG_WARN_BLOCK_CAPTURE_AUTORELEASING = YES;
				CLANG_WARN_BOOL_CONVERSION = YES;
				CLANG_WARN_COMMA = YES;
				CLANG_WARN_CONSTANT_CONVERSION = YES;
				CLANG_WARN_DEPRECATED_OBJC_IMPLEMENTATIONS = YES;
				CLANG_WARN_DIRECT_OBJC_ISA_USAGE = YES_ERROR;
				CLANG_WARN_DOCUMENTATION_COMMENTS = YES;
				CLANG_WARN_EMPTY_BODY = YES;
				CLANG_WARN_ENUM_CONVERSION = YES;
				CLANG_WARN_INFINITE_RECURSION = YES;
				CLANG_WARN_INT_CONVERSION = YES;
				CLANG_WARN_NON_LITERAL_NULL_CONVERSION = YES;
				CLANG_WARN_OBJC_IMPLICIT_RETAIN_SELF = YES;
				CLANG_WARN_OBJC_LITERAL_CONVERSION = YES;
				CLANG_WARN_OBJC_ROOT_CLASS = YES_ERROR;
				CLANG_WARN_QUOTED_INCLUDE_IN_FRAMEWORK_HEADER = YES;
				CLANG_WARN_RANGE_LOOP_ANALYSIS = YES;
				CLANG_WARN_STRICT_PROTOTYPES = YES;
				CLANG_WARN_SUSPICIOUS_MOVE = YES;
				CLANG_WARN_UNGUARDED_AVAILABILITY = YES_AGGRESSIVE;
				CLANG_WARN_UNREACHABLE_CODE = YES;
				CLANG_WARN__DUPLICATE_METHOD_MATCH = YES;
				COPY_PHASE_STRIP = NO;
				DEBUG_INFORMATION_FORMAT = "dwarf-with-dsym";
				ENABLE_NS_ASSERTIONS = NO;
				ENABLE_STRICT_OBJC_MSGSEND = YES;
				GCC_C_LANGUAGE_STANDARD = gnu11;
				GCC_NO_COMMON_BLOCKS = YES;
				GCC_WARN_64_TO_32_BIT_CONVERSION = YES;
				GCC_WARN_ABOUT_RETURN_TYPE = YES_ERROR;
				GCC_WARN_UNDECLARED_SELECTOR = YES;
				GCC_WARN_UNINITIALIZED_AUTOS = YES_AGGRESSIVE;
				GCC_WARN_UNUSED_FUNCTION = YES;
				GCC_WARN_UNUSED_VARIABLE = YES;
				IPHONEOS_DEPLOYMENT_TARGET = 14.2;
				MTL_ENABLE_DEBUG_INFO = NO;
				MTL_FAST_MATH = YES;
				SDKROOT = iphoneos;
				SWIFT_COMPILATION_MODE = wholemodule;
				SWIFT_OPTIMIZATION_LEVEL = "-O";
				VALIDATE_PRODUCT = YES;
			};
			name = Release;
		};
		FE2868E325923F8C00F356BF /* Debug */ = {
			isa = XCBuildConfiguration;
			buildSettings = {
				ASSETCATALOG_COMPILER_APPICON_NAME = AppIcon;
				ASSETCATALOG_COMPILER_GLOBAL_ACCENT_COLOR_NAME = AccentColor;
				CODE_SIGN_STYLE = Automatic;
				DEVELOPMENT_TEAM = 9MDS32W273;
				INFOPLIST_FILE = "hw3.size classes/Info.plist";
				LD_RUNPATH_SEARCH_PATHS = (
					"$(inherited)",
					"@executable_path/Frameworks",
				);
				PRODUCT_BUNDLE_IDENTIFIER = "spezza.hw3-size-classes";
				PRODUCT_NAME = "$(TARGET_NAME)";
				SWIFT_VERSION = 5.0;
				TARGETED_DEVICE_FAMILY = "1,2";
			};
			name = Debug;
		};
		FE2868E425923F8C00F356BF /* Release */ = {
			isa = XCBuildConfiguration;
			buildSettings = {
				ASSETCATALOG_COMPILER_APPICON_NAME = AppIcon;
				ASSETCATALOG_COMPILER_GLOBAL_ACCENT_COLOR_NAME = AccentColor;
				CODE_SIGN_STYLE = Automatic;
				DEVELOPMENT_TEAM = 9MDS32W273;
				INFOPLIST_FILE = "hw3.size classes/Info.plist";
				LD_RUNPATH_SEARCH_PATHS = (
					"$(inherited)",
					"@executable_path/Frameworks",
				);
				PRODUCT_BUNDLE_IDENTIFIER = "spezza.hw3-size-classes";
				PRODUCT_NAME = "$(TARGET_NAME)";
				SWIFT_VERSION = 5.0;
				TARGETED_DEVICE_FAMILY = "1,2";
			};
			name = Release;
		};
/* End XCBuildConfiguration section */

/* Begin XCConfigurationList section */
		FE2868C925923F8800F356BF /* Build configuration list for PBXProject "Homework 3.1.1 Size Classes" */ = {
			isa = XCConfigurationList;
			buildConfigurations = (
				FE2868E025923F8C00F356BF /* Debug */,
				FE2868E125923F8C00F356BF /* Release */,
			);
			defaultConfigurationIsVisible = 0;
			defaultConfigurationName = Release;
		};
		FE2868E225923F8C00F356BF /* Build configuration list for PBXNativeTarget "Homework 3.1.1 Size Classes" */ = {
			isa = XCConfigurationList;
			buildConfigurations = (
				FE2868E325923F8C00F356BF /* Debug */,
				FE2868E425923F8C00F356BF /* Release */,
			);
			defaultConfigurationIsVisible = 0;
			defaultConfigurationName = Release;
		};
/* End XCConfigurationList section */
	};
	rootObject = FE2868C625923F8800F356BF /* Project object */;
}
