// !$*UTF8*$!
{
	archiveVersion = 1;
	classes = {
	};
	objectVersion = 50;
	objects = {

/* Begin PBXBuildFile section */
		FEC21D8E2598D0A0006701D1 /* AppDelegate.swift in Sources */ = {isa = PBXBuildFile; fileRef = FEC21D8D2598D0A0006701D1 /* AppDelegate.swift */; };
		FEC21D902598D0A0006701D1 /* SceneDelegate.swift in Sources */ = {isa = PBXBuildFile; fileRef = FEC21D8F2598D0A0006701D1 /* SceneDelegate.swift */; };
		FEC21D922598D0A0006701D1 /* ViewController.swift in Sources */ = {isa = PBXBuildFile; fileRef = FEC21D912598D0A0006701D1 /* ViewController.swift */; };
		FEC21D952598D0A0006701D1 /* Main.storyboard in Resources */ = {isa = PBXBuildFile; fileRef = FEC21D932598D0A0006701D1 /* Main.storyboard */; };
		FEC21D972598D0A5006701D1 /* Assets.xcassets in Resources */ = {isa = PBXBuildFile; fileRef = FEC21D962598D0A5006701D1 /* Assets.xcassets */; };
		FEC21D9A2598D0A5006701D1 /* LaunchScreen.storyboard in Resources */ = {isa = PBXBuildFile; fileRef = FEC21D982598D0A5006701D1 /* LaunchScreen.storyboard */; };
/* End PBXBuildFile section */

/* Begin PBXFileReference section */
		FEC21D8A2598D0A0006701D1 /* Homework 3.3 Red Circle Task.app */ = {isa = PBXFileReference; explicitFileType = wrapper.application; includeInIndex = 0; path = "Homework 3.3 Red Circle Task.app"; sourceTree = BUILT_PRODUCTS_DIR; };
		FEC21D8D2598D0A0006701D1 /* AppDelegate.swift */ = {isa = PBXFileReference; lastKnownFileType = sourcecode.swift; path = AppDelegate.swift; sourceTree = "<group>"; };
		FEC21D8F2598D0A0006701D1 /* SceneDelegate.swift */ = {isa = PBXFileReference; lastKnownFileType = sourcecode.swift; path = SceneDelegate.swift; sourceTree = "<group>"; };
		FEC21D912598D0A0006701D1 /* ViewController.swift */ = {isa = PBXFileReference; lastKnownFileType = sourcecode.swift; path = ViewController.swift; sourceTree = "<group>"; };
		FEC21D942598D0A0006701D1 /* Base */ = {isa = PBXFileReference; lastKnownFileType = file.storyboard; name = Base; path = Base.lproj/Main.storyboard; sourceTree = "<group>"; };
		FEC21D962598D0A5006701D1 /* Assets.xcassets */ = {isa = PBXFileReference; lastKnownFileType = folder.assetcatalog; path = Assets.xcassets; sourceTree = "<group>"; };
		FEC21D992598D0A5006701D1 /* Base */ = {isa = PBXFileReference; lastKnownFileType = file.storyboard; name = Base; path = Base.lproj/LaunchScreen.storyboard; sourceTree = "<group>"; };
		FEC21D9B2598D0A5006701D1 /* Info.plist */ = {isa = PBXFileReference; lastKnownFileType = text.plist.xml; path = Info.plist; sourceTree = "<group>"; };
/* End PBXFileReference section */

/* Begin PBXFrameworksBuildPhase section */
		FEC21D872598D0A0006701D1 /* Frameworks */ = {
			isa = PBXFrameworksBuildPhase;
			buildActionMask = 2147483647;
			files = (
			);
			runOnlyForDeploymentPostprocessing = 0;
		};
/* End PBXFrameworksBuildPhase section */

/* Begin PBXGroup section */
		FEC21D812598D0A0006701D1 = {
			isa = PBXGroup;
			children = (
				FEC21D8C2598D0A0006701D1 /* Homework 3. Task 3 */,
				FEC21D8B2598D0A0006701D1 /* Products */,
			);
			sourceTree = "<group>";
		};
		FEC21D8B2598D0A0006701D1 /* Products */ = {
			isa = PBXGroup;
			children = (
				FEC21D8A2598D0A0006701D1 /* Homework 3.3 Red Circle Task.app */,
			);
			name = Products;
			sourceTree = "<group>";
		};
		FEC21D8C2598D0A0006701D1 /* Homework 3. Task 3 */ = {
			isa = PBXGroup;
			children = (
				FEC21D8D2598D0A0006701D1 /* AppDelegate.swift */,
				FEC21D8F2598D0A0006701D1 /* SceneDelegate.swift */,
				FEC21D912598D0A0006701D1 /* ViewController.swift */,
				FEC21D932598D0A0006701D1 /* Main.storyboard */,
				FEC21D962598D0A5006701D1 /* Assets.xcassets */,
				FEC21D982598D0A5006701D1 /* LaunchScreen.storyboard */,
				FEC21D9B2598D0A5006701D1 /* Info.plist */,
			);
			path = "Homework 3. Task 3";
			sourceTree = "<group>";
		};
/* End PBXGroup section */

/* Begin PBXNativeTarget section */
		FEC21D892598D0A0006701D1 /* Homework 3.3 Red Circle Task */ = {
			isa = PBXNativeTarget;
			buildConfigurationList = FEC21D9E2598D0A5006701D1 /* Build configuration list for PBXNativeTarget "Homework 3.3 Red Circle Task" */;
			buildPhases = (
				FEC21D862598D0A0006701D1 /* Sources */,
				FEC21D872598D0A0006701D1 /* Frameworks */,
				FEC21D882598D0A0006701D1 /* Resources */,
			);
			buildRules = (
			);
			dependencies = (
			);
			name = "Homework 3.3 Red Circle Task";
			productName = "Homework 3. Task 3";
			productReference = FEC21D8A2598D0A0006701D1 /* Homework 3.3 Red Circle Task.app */;
			productType = "com.apple.product-type.application";
		};
/* End PBXNativeTarget section */

/* Begin PBXProject section */
		FEC21D822598D0A0006701D1 /* Project object */ = {
			isa = PBXProject;
			attributes = {
				LastSwiftUpdateCheck = 1220;
				LastUpgradeCheck = 1220;
				TargetAttributes = {
					FEC21D892598D0A0006701D1 = {
						CreatedOnToolsVersion = 12.2;
					};
				};
			};
			buildConfigurationList = FEC21D852598D0A0006701D1 /* Build configuration list for PBXProject "Homework 3.3 Red Circle Task" */;
			compatibilityVersion = "Xcode 9.3";
			developmentRegion = en;
			hasScannedForEncodings = 0;
			knownRegions = (
				en,
				Base,
			);
			mainGroup = FEC21D812598D0A0006701D1;
			productRefGroup = FEC21D8B2598D0A0006701D1 /* Products */;
			projectDirPath = "";
			projectRoot = "";
			targets = (
				FEC21D892598D0A0006701D1 /* Homework 3.3 Red Circle Task */,
			);
		};
/* End PBXProject section */

/* Begin PBXResourcesBuildPhase section */
		FEC21D882598D0A0006701D1 /* Resources */ = {
			isa = PBXResourcesBuildPhase;
			buildActionMask = 2147483647;
			files = (
				FEC21D9A2598D0A5006701D1 /* LaunchScreen.storyboard in Resources */,
				FEC21D972598D0A5006701D1 /* Assets.xcassets in Resources */,
				FEC21D952598D0A0006701D1 /* Main.storyboard in Resources */,
			);
			runOnlyForDeploymentPostprocessing = 0;
		};
/* End PBXResourcesBuildPhase section */

/* Begin PBXSourcesBuildPhase section */
		FEC21D862598D0A0006701D1 /* Sources */ = {
			isa = PBXSourcesBuildPhase;
			buildActionMask = 2147483647;
			files = (
				FEC21D922598D0A0006701D1 /* ViewController.swift in Sources */,
				FEC21D8E2598D0A0006701D1 /* AppDelegate.swift in Sources */,
				FEC21D902598D0A0006701D1 /* SceneDelegate.swift in Sources */,
			);
			runOnlyForDeploymentPostprocessing = 0;
		};
/* End PBXSourcesBuildPhase section */

/* Begin PBXVariantGroup section */
		FEC21D932598D0A0006701D1 /* Main.storyboard */ = {
			isa = PBXVariantGroup;
			children = (
				FEC21D942598D0A0006701D1 /* Base */,
			);
			name = Main.storyboard;
			sourceTree = "<group>";
		};
		FEC21D982598D0A5006701D1 /* LaunchScreen.storyboard */ = {
			isa = PBXVariantGroup;
			children = (
				FEC21D992598D0A5006701D1 /* Base */,
			);
			name = LaunchScreen.storyboard;
			sourceTree = "<group>";
		};
/* End PBXVariantGroup section */

/* Begin XCBuildConfiguration section */
		FEC21D9C2598D0A5006701D1 /* Debug */ = {
			isa = XCBuildConfiguration;
			buildSettings = {
				ALWAYS_SEARCH_USER_PATHS = NO;
				CLANG_ANALYZER_NONNULL = YES;
				CLANG_ANALYZER_NUMBER_OBJECT_CONVERSION = YES_AGGRESSIVE;
				CLANG_CXX_LANGUAGE_STANDARD = "gnu++14";
				CLANG_CXX_LIBRARY = "libc++";
				CLANG_ENABLE_MODULES = YES;
				CLANG_ENABLE_OBJC_ARC = YES;
				CLANG_ENABLE_OBJC_WEAK = YES;
				CLANG_WARN_BLOCK_CAPTURE_AUTORELEASING = YES;
				CLANG_WARN_BOOL_CONVERSION = YES;
				CLANG_WARN_COMMA = YES;
				CLANG_WARN_CONSTANT_CONVERSION = YES;
				CLANG_WARN_DEPRECATED_OBJC_IMPLEMENTATIONS = YES;
				CLANG_WARN_DIRECT_OBJC_ISA_USAGE = YES_ERROR;
				CLANG_WARN_DOCUMENTATION_COMMENTS = YES;
				CLANG_WARN_EMPTY_BODY = YES;
				CLANG_WARN_ENUM_CONVERSION = YES;
				CLANG_WARN_INFINITE_RECURSION = YES;
				CLANG_WARN_INT_CONVERSION = YES;
				CLANG_WARN_NON_LITERAL_NULL_CONVERSION = YES;
				CLANG_WARN_OBJC_IMPLICIT_RETAIN_SELF = YES;
				CLANG_WARN_OBJC_LITERAL_CONVERSION = YES;
				CLANG_WARN_OBJC_ROOT_CLASS = YES_ERROR;
				CLANG_WARN_QUOTED_INCLUDE_IN_FRAMEWORK_HEADER = YES;
				CLANG_WARN_RANGE_LOOP_ANALYSIS = YES;
				CLANG_WARN_STRICT_PROTOTYPES = YES;
				CLANG_WARN_SUSPICIOUS_MOVE = YES;
				CLANG_WARN_UNGUARDED_AVAILABILITY = YES_AGGRESSIVE;
				CLANG_WARN_UNREACHABLE_CODE = YES;
				CLANG_WARN__DUPLICATE_METHOD_MATCH = YES;
				COPY_PHASE_STRIP = NO;
				DEBUG_INFORMATION_FORMAT = dwarf;
				ENABLE_STRICT_OBJC_MSGSEND = YES;
				ENABLE_TESTABILITY = YES;
				GCC_C_LANGUAGE_STANDARD = gnu11;
				GCC_DYNAMIC_NO_PIC = NO;
				GCC_NO_COMMON_BLOCKS = YES;
				GCC_OPTIMIZATION_LEVEL = 0;
				GCC_PREPROCESSOR_DEFINITIONS = (
					"DEBUG=1",
					"$(inherited)",
				);
				GCC_WARN_64_TO_32_BIT_CONVERSION = YES;
				GCC_WARN_ABOUT_RETURN_TYPE = YES_ERROR;
				GCC_WARN_UNDECLARED_SELECTOR = YES;
				GCC_WARN_UNINITIALIZED_AUTOS = YES_AGGRESSIVE;
				GCC_WARN_UNUSED_FUNCTION = YES;
				GCC_WARN_UNUSED_VARIABLE = YES;
				IPHONEOS_DEPLOYMENT_TARGET = 14.2;
				MTL_ENABLE_DEBUG_INFO = INCLUDE_SOURCE;
				MTL_FAST_MATH = YES;
				ONLY_ACTIVE_ARCH = YES;
				SDKROOT = iphoneos;
				SWIFT_ACTIVE_COMPILATION_CONDITIONS = DEBUG;
				SWIFT_OPTIMIZATION_LEVEL = "-Onone";
			};
			name = Debug;
		};
		FEC21D9D2598D0A5006701D1 /* Release */ = {
			isa = XCBuildConfiguration;
			buildSettings = {
				ALWAYS_SEARCH_USER_PATHS = NO;
				CLANG_ANALYZER_NONNULL = YES;
				CLANG_ANALYZER_NUMBER_OBJECT_CONVERSION = YES_AGGRESSIVE;
				CLANG_CXX_LANGUAGE_STANDARD = "gnu++14";
				CLANG_CXX_LIBRARY = "libc++";
				CLANG_ENABLE_MODULES = YES;
				CLANG_ENABLE_OBJC_ARC = YES;
				CLANG_ENABLE_OBJC_WEAK = YES;
				CLANG_WARN_BLOCK_CAPTURE_AUTORELEASING = YES;
				CLANG_WARN_BOOL_CONVERSION = YES;
				CLANG_WARN_COMMA = YES;
				CLANG_WARN_CONSTANT_CONVERSION = YES;
				CLANG_WARN_DEPRECATED_OBJC_IMPLEMENTATIONS = YES;
				CLANG_WARN_DIRECT_OBJC_ISA_USAGE = YES_ERROR;
				CLANG_WARN_DOCUMENTATION_COMMENTS = YES;
				CLANG_WARN_EMPTY_BODY = YES;
				CLANG_WARN_ENUM_CONVERSION = YES;
				CLANG_WARN_INFINITE_RECURSION = YES;
				CLANG_WARN_INT_CONVERSION = YES;
				CLANG_WARN_NON_LITERAL_NULL_CONVERSION = YES;
				CLANG_WARN_OBJC_IMPLICIT_RETAIN_SELF = YES;
				CLANG_WARN_OBJC_LITERAL_CONVERSION = YES;
				CLANG_WARN_OBJC_ROOT_CLASS = YES_ERROR;
				CLANG_WARN_QUOTED_INCLUDE_IN_FRAMEWORK_HEADER = YES;
				CLANG_WARN_RANGE_LOOP_ANALYSIS = YES;
				CLANG_WARN_STRICT_PROTOTYPES = YES;
				CLANG_WARN_SUSPICIOUS_MOVE = YES;
				CLANG_WARN_UNGUARDED_AVAILABILITY = YES_AGGRESSIVE;
				CLANG_WARN_UNREACHABLE_CODE = YES;
				CLANG_WARN__DUPLICATE_METHOD_MATCH = YES;
				COPY_PHASE_STRIP = NO;
				DEBUG_INFORMATION_FORMAT = "dwarf-with-dsym";
				ENABLE_NS_ASSERTIONS = NO;
				ENABLE_STRICT_OBJC_MSGSEND = YES;
				GCC_C_LANGUAGE_STANDARD = gnu11;
				GCC_NO_COMMON_BLOCKS = YES;
				GCC_WARN_64_TO_32_BIT_CONVERSION = YES;
				GCC_WARN_ABOUT_RETURN_TYPE = YES_ERROR;
				GCC_WARN_UNDECLARED_SELECTOR = YES;
				GCC_WARN_UNINITIALIZED_AUTOS = YES_AGGRESSIVE;
				GCC_WARN_UNUSED_FUNCTION = YES;
				GCC_WARN_UNUSED_VARIABLE = YES;
				IPHONEOS_DEPLOYMENT_TARGET = 14.2;
				MTL_ENABLE_DEBUG_INFO = NO;
				MTL_FAST_MATH = YES;
				SDKROOT = iphoneos;
				SWIFT_COMPILATION_MODE = wholemodule;
				SWIFT_OPTIMIZATION_LEVEL = "-O";
				VALIDATE_PRODUCT = YES;
			};
			name = Release;
		};
		FEC21D9F2598D0A5006701D1 /* Debug */ = {
			isa = XCBuildConfiguration;
			buildSettings = {
				ASSETCATALOG_COMPILER_APPICON_NAME = AppIcon;
				ASSETCATALOG_COMPILER_GLOBAL_ACCENT_COLOR_NAME = AccentColor;
				CODE_SIGN_STYLE = Automatic;
				DEVELOPMENT_TEAM = 9MDS32W273;
				INFOPLIST_FILE = "Homework 3. Task 3/Info.plist";
				LD_RUNPATH_SEARCH_PATHS = (
					"$(inherited)",
					"@executable_path/Frameworks",
				);
				PRODUCT_BUNDLE_IDENTIFIER = "spezza.Homework-3--Task-3";
				PRODUCT_NAME = "$(TARGET_NAME)";
				SWIFT_VERSION = 5.0;
				TARGETED_DEVICE_FAMILY = "1,2";
			};
			name = Debug;
		};
		FEC21DA02598D0A5006701D1 /* Release */ = {
			isa = XCBuildConfiguration;
			buildSettings = {
				ASSETCATALOG_COMPILER_APPICON_NAME = AppIcon;
				ASSETCATALOG_COMPILER_GLOBAL_ACCENT_COLOR_NAME = AccentColor;
				CODE_SIGN_STYLE = Automatic;
				DEVELOPMENT_TEAM = 9MDS32W273;
				INFOPLIST_FILE = "Homework 3. Task 3/Info.plist";
				LD_RUNPATH_SEARCH_PATHS = (
					"$(inherited)",
					"@executable_path/Frameworks",
				);
				PRODUCT_BUNDLE_IDENTIFIER = "spezza.Homework-3--Task-3";
				PRODUCT_NAME = "$(TARGET_NAME)";
				SWIFT_VERSION = 5.0;
				TARGETED_DEVICE_FAMILY = "1,2";
			};
			name = Release;
		};
/* End XCBuildConfiguration section */

/* Begin XCConfigurationList section */
		FEC21D852598D0A0006701D1 /* Build configuration list for PBXProject "Homework 3.3 Red Circle Task" */ = {
			isa = XCConfigurationList;
			buildConfigurations = (
				FEC21D9C2598D0A5006701D1 /* Debug */,
				FEC21D9D2598D0A5006701D1 /* Release */,
			);
			defaultConfigurationIsVisible = 0;
			defaultConfigurationName = Release;
		};
		FEC21D9E2598D0A5006701D1 /* Build configuration list for PBXNativeTarget "Homework 3.3 Red Circle Task" */ = {
			isa = XCConfigurationList;
			buildConfigurations = (
				FEC21D9F2598D0A5006701D1 /* Debug */,
				FEC21DA02598D0A5006701D1 /* Release */,
			);
			defaultConfigurationIsVisible = 0;
			defaultConfigurationName = Release;
		};
/* End XCConfigurationList section */
	};
	rootObject = FEC21D822598D0A0006701D1 /* Project object */;
}
